// !$*UTF8*$!
{
	archiveVersion = 1;
	classes = {
	};
	objectVersion = 46;
	objects = {

/* Begin PBXBuildFile section */
		FF4A879D1AB6DB0900DEDC0E /* AppDelegate.swift in Sources */ = {isa = PBXBuildFile; fileRef = FF4A879C1AB6DB0900DEDC0E /* AppDelegate.swift */; };
		FF4A87A11AB6DB0900DEDC0E /* GameScene.swift in Sources */ = {isa = PBXBuildFile; fileRef = FF4A87A01AB6DB0900DEDC0E /* GameScene.swift */; };
		FF4A87A31AB6DB0900DEDC0E /* GameViewController.swift in Sources */ = {isa = PBXBuildFile; fileRef = FF4A87A21AB6DB0900DEDC0E /* GameViewController.swift */; };
		FF4A87A61AB6DB0900DEDC0E /* Main.storyboard in Resources */ = {isa = PBXBuildFile; fileRef = FF4A87A41AB6DB0900DEDC0E /* Main.storyboard */; };
		FF4A87C11AB6DB6700DEDC0E /* InputHelper.swift in Sources */ = {isa = PBXBuildFile; fileRef = FF4A87C01AB6DB6700DEDC0E /* InputHelper.swift */; };
		FF4A87C31AB6DB7E00DEDC0E /* GameObjectNode.swift in Sources */ = {isa = PBXBuildFile; fileRef = FF4A87C21AB6DB7E00DEDC0E /* GameObjectNode.swift */; };
		FF4A87C51AB6DBC800DEDC0E /* GameWorld.swift in Sources */ = {isa = PBXBuildFile; fileRef = FF4A87C41AB6DBC800DEDC0E /* GameWorld.swift */; };
		FF4A87C71AB6DBE100DEDC0E /* Treasure.swift in Sources */ = {isa = PBXBuildFile; fileRef = FF4A87C61AB6DBE100DEDC0E /* Treasure.swift */; };
		FF5721951B10A27D000B4E6F /* Images.xcassets in Resources */ = {isa = PBXBuildFile; fileRef = FF5721941B10A27D000B4E6F /* Images.xcassets */; };
/* End PBXBuildFile section */

/* Begin PBXFileReference section */
		FF4A87971AB6DB0900DEDC0E /* TutsTomb2.app */ = {isa = PBXFileReference; explicitFileType = wrapper.application; includeInIndex = 0; path = TutsTomb2.app; sourceTree = BUILT_PRODUCTS_DIR; };
		FF4A879B1AB6DB0900DEDC0E /* Info.plist */ = {isa = PBXFileReference; lastKnownFileType = text.plist.xml; path = Info.plist; sourceTree = "<group>"; };
		FF4A879C1AB6DB0900DEDC0E /* AppDelegate.swift */ = {isa = PBXFileReference; lastKnownFileType = sourcecode.swift; path = AppDelegate.swift; sourceTree = "<group>"; };
		FF4A87A01AB6DB0900DEDC0E /* GameScene.swift */ = {isa = PBXFileReference; lastKnownFileType = sourcecode.swift; path = GameScene.swift; sourceTree = "<group>"; };
		FF4A87A21AB6DB0900DEDC0E /* GameViewController.swift */ = {isa = PBXFileReference; lastKnownFileType = sourcecode.swift; path = GameViewController.swift; sourceTree = "<group>"; };
		FF4A87A51AB6DB0900DEDC0E /* Base */ = {isa = PBXFileReference; lastKnownFileType = file.storyboard; name = Base; path = Base.lproj/Main.storyboard; sourceTree = "<group>"; };
		FF4A87C01AB6DB6700DEDC0E /* InputHelper.swift */ = {isa = PBXFileReference; fileEncoding = 4; lastKnownFileType = sourcecode.swift; path = InputHelper.swift; sourceTree = "<group>"; };
		FF4A87C21AB6DB7E00DEDC0E /* GameObjectNode.swift */ = {isa = PBXFileReference; fileEncoding = 4; lastKnownFileType = sourcecode.swift; path = GameObjectNode.swift; sourceTree = "<group>"; };
		FF4A87C41AB6DBC800DEDC0E /* GameWorld.swift */ = {isa = PBXFileReference; fileEncoding = 4; lastKnownFileType = sourcecode.swift; path = GameWorld.swift; sourceTree = "<group>"; };
		FF4A87C61AB6DBE100DEDC0E /* Treasure.swift */ = {isa = PBXFileReference; fileEncoding = 4; lastKnownFileType = sourcecode.swift; path = Treasure.swift; sourceTree = "<group>"; };
		FF5721941B10A27D000B4E6F /* Images.xcassets */ = {isa = PBXFileReference; lastKnownFileType = folder.assetcatalog; name = Images.xcassets; path = "../../Assets/Tut's Tomb/Images.xcassets"; sourceTree = "<group>"; };
/* End PBXFileReference section */

/* Begin PBXFrameworksBuildPhase section */
		FF4A87941AB6DB0900DEDC0E /* Frameworks */ = {
			isa = PBXFrameworksBuildPhase;
			buildActionMask = 2147483647;
			files = (
			);
			runOnlyForDeploymentPostprocessing = 0;
		};
/* End PBXFrameworksBuildPhase section */

/* Begin PBXGroup section */
		FF4A878E1AB6DB0900DEDC0E = {
			isa = PBXGroup;
			children = (
				FF5721941B10A27D000B4E6F /* Images.xcassets */,
				FF4A879A1AB6DB0900DEDC0E /* Supporting Files */,
				FF4A87991AB6DB0900DEDC0E /* TutsTomb2 */,
				FF4A87981AB6DB0900DEDC0E /* Products */,
			);
			sourceTree = "<group>";
		};
		FF4A87981AB6DB0900DEDC0E /* Products */ = {
			isa = PBXGroup;
			children = (
				FF4A87971AB6DB0900DEDC0E /* TutsTomb2.app */,
			);
			name = Products;
			sourceTree = "<group>";
		};
		FF4A87991AB6DB0900DEDC0E /* TutsTomb2 */ = {
			isa = PBXGroup;
			children = (
				FF4A879C1AB6DB0900DEDC0E /* AppDelegate.swift */,
				FF4A87A01AB6DB0900DEDC0E /* GameScene.swift */,
				FF4A87A21AB6DB0900DEDC0E /* GameViewController.swift */,
				FF4A87A41AB6DB0900DEDC0E /* Main.storyboard */,
				FF4A87C01AB6DB6700DEDC0E /* InputHelper.swift */,
				FF4A87C21AB6DB7E00DEDC0E /* GameObjectNode.swift */,
				FF4A87C41AB6DBC800DEDC0E /* GameWorld.swift */,
				FF4A87C61AB6DBE100DEDC0E /* Treasure.swift */,
			);
			path = TutsTomb2;
			sourceTree = "<group>";
		};
		FF4A879A1AB6DB0900DEDC0E /* Supporting Files */ = {
			isa = PBXGroup;
			children = (
				FF4A879B1AB6DB0900DEDC0E /* Info.plist */,
			);
			name = "Supporting Files";
			path = TutsTomb2;
			sourceTree = "<group>";
		};
/* End PBXGroup section */

/* Begin PBXNativeTarget section */
		FF4A87961AB6DB0900DEDC0E /* TutsTomb2 */ = {
			isa = PBXNativeTarget;
			buildConfigurationList = FF4A87BA1AB6DB0900DEDC0E /* Build configuration list for PBXNativeTarget "TutsTomb2" */;
			buildPhases = (
				FF4A87931AB6DB0900DEDC0E /* Sources */,
				FF4A87941AB6DB0900DEDC0E /* Frameworks */,
				FF4A87951AB6DB0900DEDC0E /* Resources */,
			);
			buildRules = (
			);
			dependencies = (
			);
			name = TutsTomb2;
			productName = TutsTomb2;
			productReference = FF4A87971AB6DB0900DEDC0E /* TutsTomb2.app */;
			productType = "com.apple.product-type.application";
		};
/* End PBXNativeTarget section */

/* Begin PBXProject section */
		FF4A878F1AB6DB0900DEDC0E /* Project object */ = {
			isa = PBXProject;
			attributes = {
				LastSwiftUpdateCheck = 0700;
				LastUpgradeCheck = 0700;
				ORGANIZATIONNAME = "Arjan Egges";
				TargetAttributes = {
					FF4A87961AB6DB0900DEDC0E = {
						CreatedOnToolsVersion = 6.2;
					};
				};
			};
			buildConfigurationList = FF4A87921AB6DB0900DEDC0E /* Build configuration list for PBXProject "TutsTomb2" */;
			compatibilityVersion = "Xcode 3.2";
			developmentRegion = English;
			hasScannedForEncodings = 0;
			knownRegions = (
				en,
				Base,
			);
			mainGroup = FF4A878E1AB6DB0900DEDC0E;
			productRefGroup = FF4A87981AB6DB0900DEDC0E /* Products */;
			projectDirPath = "";
			projectRoot = "";
			targets = (
				FF4A87961AB6DB0900DEDC0E /* TutsTomb2 */,
			);
		};
/* End PBXProject section */

/* Begin PBXResourcesBuildPhase section */
		FF4A87951AB6DB0900DEDC0E /* Resources */ = {
			isa = PBXResourcesBuildPhase;
			buildActionMask = 2147483647;
			files = (
				FF4A87A61AB6DB0900DEDC0E /* Main.storyboard in Resources */,
				FF5721951B10A27D000B4E6F /* Images.xcassets in Resources */,
			);
			runOnlyForDeploymentPostprocessing = 0;
		};
/* End PBXResourcesBuildPhase section */

/* Begin PBXSourcesBuildPhase section */
		FF4A87931AB6DB0900DEDC0E /* Sources */ = {
			isa = PBXSourcesBuildPhase;
			buildActionMask = 2147483647;
			files = (
				FF4A87C31AB6DB7E00DEDC0E /* GameObjectNode.swift in Sources */,
				FF4A87C11AB6DB6700DEDC0E /* InputHelper.swift in Sources */,
				FF4A87A11AB6DB0900DEDC0E /* GameScene.swift in Sources */,
				FF4A87A31AB6DB0900DEDC0E /* GameViewController.swift in Sources */,
				FF4A87C51AB6DBC800DEDC0E /* GameWorld.swift in Sources */,
				FF4A879D1AB6DB0900DEDC0E /* AppDelegate.swift in Sources */,
				FF4A87C71AB6DBE100DEDC0E /* Treasure.swift in Sources */,
			);
			runOnlyForDeploymentPostprocessing = 0;
		};
/* End PBXSourcesBuildPhase section */

/* Begin PBXVariantGroup section */
		FF4A87A41AB6DB0900DEDC0E /* Main.storyboard */ = {
			isa = PBXVariantGroup;
			children = (
				FF4A87A51AB6DB0900DEDC0E /* Base */,
			);
			name = Main.storyboard;
			sourceTree = "<group>";
		};
/* End PBXVariantGroup section */

/* Begin XCBuildConfiguration section */
		FF4A87B81AB6DB0900DEDC0E /* Debug */ = {
			isa = XCBuildConfiguration;
			buildSettings = {
				ALWAYS_SEARCH_USER_PATHS = NO;
				CLANG_CXX_LANGUAGE_STANDARD = "gnu++0x";
				CLANG_CXX_LIBRARY = "libc++";
				CLANG_ENABLE_MODULES = YES;
				CLANG_ENABLE_OBJC_ARC = YES;
				CLANG_WARN_BOOL_CONVERSION = YES;
				CLANG_WARN_CONSTANT_CONVERSION = YES;
				CLANG_WARN_DIRECT_OBJC_ISA_USAGE = YES_ERROR;
				CLANG_WARN_EMPTY_BODY = YES;
				CLANG_WARN_ENUM_CONVERSION = YES;
				CLANG_WARN_INT_CONVERSION = YES;
				CLANG_WARN_OBJC_ROOT_CLASS = YES_ERROR;
				CLANG_WARN_UNREACHABLE_CODE = YES;
				CLANG_WARN__DUPLICATE_METHOD_MATCH = YES;
				"CODE_SIGN_IDENTITY[sdk=iphoneos*]" = "iPhone Developer";
				COPY_PHASE_STRIP = NO;
				ENABLE_STRICT_OBJC_MSGSEND = YES;
				ENABLE_TESTABILITY = YES;
				GCC_C_LANGUAGE_STANDARD = gnu99;
				GCC_DYNAMIC_NO_PIC = NO;
				GCC_OPTIMIZATION_LEVEL = 0;
				GCC_PREPROCESSOR_DEFINITIONS = (
					"DEBUG=1",
					"$(inherited)",
				);
				GCC_SYMBOLS_PRIVATE_EXTERN = NO;
				GCC_WARN_64_TO_32_BIT_CONVERSION = YES;
				GCC_WARN_ABOUT_RETURN_TYPE = YES_ERROR;
				GCC_WARN_UNDECLARED_SELECTOR = YES;
				GCC_WARN_UNINITIALIZED_AUTOS = YES_AGGRESSIVE;
				GCC_WARN_UNUSED_FUNCTION = YES;
				GCC_WARN_UNUSED_VARIABLE = YES;
				IPHONEOS_DEPLOYMENT_TARGET = 9.0;
				MTL_ENABLE_DEBUG_INFO = YES;
				ONLY_ACTIVE_ARCH = YES;
				SDKROOT = iphoneos;
				SWIFT_OPTIMIZATION_LEVEL = "-Onone";
				TARGETED_DEVICE_FAMILY = "1,2";
			};
			name = Debug;
		};
		FF4A87B91AB6DB0900DEDC0E /* Release */ = {
			isa = XCBuildConfiguration;
			buildSettings = {
				ALWAYS_SEARCH_USER_PATHS = NO;
				CLANG_CXX_LANGUAGE_STANDARD = "gnu++0x";
				CLANG_CXX_LIBRARY = "libc++";
				CLANG_ENABLE_MODULES = YES;
				CLANG_ENABLE_OBJC_ARC = YES;
				CLANG_WARN_BOOL_CONVERSION = YES;
				CLANG_WARN_CONSTANT_CONVERSION = YES;
				CLANG_WARN_DIRECT_OBJC_ISA_USAGE = YES_ERROR;
				CLANG_WARN_EMPTY_BODY = YES;
				CLANG_WARN_ENUM_CONVERSION = YES;
				CLANG_WARN_INT_CONVERSION = YES;
				CLANG_WARN_OBJC_ROOT_CLASS = YES_ERROR;
				CLANG_WARN_UNREACHABLE_CODE = YES;
				CLANG_WARN__DUPLICATE_METHOD_MATCH = YES;
				"CODE_SIGN_IDENTITY[sdk=iphoneos*]" = "iPhone Developer";
				COPY_PHASE_STRIP = NO;
				ENABLE_NS_ASSERTIONS = NO;
				ENABLE_STRICT_OBJC_MSGSEND = YES;
				GCC_C_LANGUAGE_STANDARD = gnu99;
				GCC_WARN_64_TO_32_BIT_CONVERSION = YES;
				GCC_WARN_ABOUT_RETURN_TYPE = YES_ERROR;
				GCC_WARN_UNDECLARED_SELECTOR = YES;
				GCC_WARN_UNINITIALIZED_AUTOS = YES_AGGRESSIVE;
				GCC_WARN_UNUSED_FUNCTION = YES;
				GCC_WARN_UNUSED_VARIABLE = YES;
				IPHONEOS_DEPLOYMENT_TARGET = 9.0;
				MTL_ENABLE_DEBUG_INFO = NO;
				SDKROOT = iphoneos;
				TARGETED_DEVICE_FAMILY = "1,2";
				VALIDATE_PRODUCT = YES;
			};
			name = Release;
		};
		FF4A87BB1AB6DB0900DEDC0E /* Debug */ = {
			isa = XCBuildConfiguration;
			buildSettings = {
				ASSETCATALOG_COMPILER_APPICON_NAME = AppIcon;
				INFOPLIST_FILE = TutsTomb2/Info.plist;
				LD_RUNPATH_SEARCH_PATHS = "$(inherited) @executable_path/Frameworks";
				PRODUCT_BUNDLE_IDENTIFIER = "AE.$(PRODUCT_NAME:rfc1034identifier)";
				PRODUCT_NAME = "$(TARGET_NAME)";
				TARGETED_DEVICE_FAMILY = "1,2";
			};
			name = Debug;
		};
		FF4A87BC1AB6DB0900DEDC0E /* Release */ = {
			isa = XCBuildConfiguration;
			buildSettings = {
				ASSETCATALOG_COMPILER_APPICON_NAME = AppIcon;
				INFOPLIST_FILE = TutsTomb2/Info.plist;
				LD_RUNPATH_SEARCH_PATHS = "$(inherited) @executable_path/Frameworks";
				PRODUCT_BUNDLE_IDENTIFIER = "AE.$(PRODUCT_NAME:rfc1034identifier)";
				PRODUCT_NAME = "$(TARGET_NAME)";
				TARGETED_DEVICE_FAMILY = "1,2";
			};
			name = Release;
		};
/* End XCBuildConfiguration section */

/* Begin XCConfigurationList section */
		FF4A87921AB6DB0900DEDC0E /* Build configuration list for PBXProject "TutsTomb2" */ = {
			isa = XCConfigurationList;
			buildConfigurations = (
				FF4A87B81AB6DB0900DEDC0E /* Debug */,
				FF4A87B91AB6DB0900DEDC0E /* Release */,
			);
			defaultConfigurationIsVisible = 0;
			defaultConfigurationName = Release;
		};
		FF4A87BA1AB6DB0900DEDC0E /* Build configuration list for PBXNativeTarget "TutsTomb2" */ = {
			isa = XCConfigurationList;
			buildConfigurations = (
				FF4A87BB1AB6DB0900DEDC0E /* Debug */,
				FF4A87BC1AB6DB0900DEDC0E /* Release */,
			);
			defaultConfigurationIsVisible = 0;
			defaultConfigurationName = Release;
		};
/* End XCConfigurationList section */
	};
	rootObject = FF4A878F1AB6DB0900DEDC0E /* Project object */;
}
